
Microsoft Visual Studio Solution File, Format Version 12.00
# Visual Studio Version 17
VisualStudioVersion = 17.9.34728.123
MinimumVisualStudioVersion = 10.0.40219.1
Project("{FAE04EC0-301F-11D3-BF4B-00C04F79EFBC}") = "ReflectionExample", "ReflectionExample\ReflectionExample.csproj", "{3A11355D-9ECA-4223-8505-7A80D4AA5CED}"
EndProject
Global
	GlobalSection(SolutionConfigurationPlatforms) = preSolution
		Debug|Any CPU = Debug|Any CPU
		Release|Any CPU = Release|Any CPU
	EndGlobalSection
	GlobalSection(ProjectConfigurationPlatforms) = postSolution
		{3A11355D-9ECA-4223-8505-7A80D4AA5CED}.Debug|Any CPU.ActiveCfg = Debug|Any CPU
		{3A11355D-9ECA-4223-8505-7A80D4AA5CED}.Debug|Any CPU.Build.0 = Debug|Any CPU
		{3A11355D-9ECA-4223-8505-7A80D4AA5CED}.Release|Any CPU.ActiveCfg = Release|Any CPU
		{3A11355D-9ECA-4223-8505-7A80D4AA5CED}.Release|Any CPU.Build.0 = Release|Any CPU
	EndGlobalSection
	GlobalSection(SolutionProperties) = preSolution
		HideSolutionNode = FALSE
	EndGlobalSection
	GlobalSection(ExtensibilityGlobals) = postSolution
		SolutionGuid = {41AEE4B2-FB51-4B16-B556-FB413ACE5A07}
	EndGlobalSection
EndGlobal
