
Microsoft Visual Studio Solution File, Format Version 12.00
# Visual Studio Version 17
VisualStudioVersion = 17.9.34728.123
MinimumVisualStudioVersion = 10.0.40219.1
Project("{FAE04EC0-301F-11D3-BF4B-00C04F79EFBC}") = "DelegateExample", "DelegateExample\DelegateExample.csproj", "{D126E254-D751-4395-AD2D-538EB2BD717D}"
EndProject
Global
	GlobalSection(SolutionConfigurationPlatforms) = preSolution
		Debug|Any CPU = Debug|Any CPU
		Release|Any CPU = Release|Any CPU
	EndGlobalSection
	GlobalSection(ProjectConfigurationPlatforms) = postSolution
		{D126E254-D751-4395-AD2D-538EB2BD717D}.Debug|Any CPU.ActiveCfg = Debug|Any CPU
		{D126E254-D751-4395-AD2D-538EB2BD717D}.Debug|Any CPU.Build.0 = Debug|Any CPU
		{D126E254-D751-4395-AD2D-538EB2BD717D}.Release|Any CPU.ActiveCfg = Release|Any CPU
		{D126E254-D751-4395-AD2D-538EB2BD717D}.Release|Any CPU.Build.0 = Release|Any CPU
	EndGlobalSection
	GlobalSection(SolutionProperties) = preSolution
		HideSolutionNode = FALSE
	EndGlobalSection
	GlobalSection(ExtensibilityGlobals) = postSolution
		SolutionGuid = {A7F8BD37-E75C-490B-B2DC-30481C0136B1}
	EndGlobalSection
EndGlobal
